{
  "version": 4,
  "terraform_version": "1.5.4",
  "serial": 15,
  "lineage": "80f4c3e7-b734-7040-9671-b05907c294e6",
  "outputs": {},
  "resources": [
    {
      "mode": "managed",
      "type": "aws_vpc",
      "name": "fazle-vpc",
      "provider": "provider[\"registry.terraform.io/hashicorp/aws\"]",
      "instances": [
        {
          "schema_version": 1,
          "attributes": {
            "arn": "arn:aws:ec2:us-east-1:430704357939:vpc/vpc-06efc6279fcdc7689",
            "assign_generated_ipv6_cidr_block": false,
            "cidr_block": "192.169.0.0/16",
            "default_network_acl_id": "acl-010db4926f2b52ab8",
            "default_route_table_id": "rtb-0677e15ef49d0d945",
            "default_security_group_id": "sg-0e7d4f3328298668a",
            "dhcp_options_id": "dopt-0b9ceb20cd0988fd9",
            "enable_classiclink": false,
            "enable_classiclink_dns_support": false,
            "enable_dns_hostnames": false,
            "enable_dns_support": true,
            "id": "vpc-06efc6279fcdc7689",
            "instance_tenancy": "default",
            "ipv6_association_id": "",
            "ipv6_cidr_block": "",
            "main_route_table_id": "rtb-0677e15ef49d0d945",
            "owner_id": "430704357939",
            "tags": {
              "Name": "Fazle-vpc"
            }
          },
          "sensitive_attributes": [],
          "private": "eyJzY2hlbWFfdmVyc2lvbiI6IjEifQ=="
        }
      ]
    },
    {
      "mode": "managed",
      "type": "aws_vpc",
      "name": "fazle-vpc-new",
      "provider": "provider[\"registry.terraform.io/hashicorp/aws\"]",
      "instances": [
        {
          "schema_version": 1,
          "attributes": {
            "arn": "arn:aws:ec2:us-east-1:430704357939:vpc/vpc-0a084128eacaa766f",
            "assign_generated_ipv6_cidr_block": false,
            "cidr_block": "192.166.0.0/16",
            "default_network_acl_id": "acl-074b04b42354afe4c",
            "default_route_table_id": "rtb-084620915d0d126b2",
            "default_security_group_id": "sg-0d842afa8d3413d2c",
            "dhcp_options_id": "dopt-0b9ceb20cd0988fd9",
            "enable_classiclink": false,
            "enable_classiclink_dns_support": false,
            "enable_dns_hostnames": false,
            "enable_dns_support": true,
            "id": "vpc-0a084128eacaa766f",
            "instance_tenancy": "default",
            "ipv6_association_id": "",
            "ipv6_cidr_block": "",
            "main_route_table_id": "rtb-084620915d0d126b2",
            "owner_id": "430704357939",
            "tags": {
              "Name": "Fazle-vpc-#2"
            }
          },
          "sensitive_attributes": [],
          "private": "eyJzY2hlbWFfdmVyc2lvbiI6IjEifQ=="
        }
      ]
    }
  ],
  "check_results": null
}
