{
  "version": 4,
  "terraform_version": "1.5.4",
  "serial": 6,
  "lineage": "741fd7a6-dd45-894d-dcf4-bb543efef594",
  "outputs": {},
  "resources": [
    {
      "mode": "managed",
      "type": "aws_vpc",
      "name": "fazle-vpc1",
      "provider": "provider[\"registry.terraform.io/hashicorp/aws\"]",
      "instances": [
        {
          "schema_version": 1,
          "attributes": {
            "arn": "arn:aws:ec2:us-east-1:430704357939:vpc/vpc-078a3ca83d499fb9a",
            "assign_generated_ipv6_cidr_block": false,
            "cidr_block": "192.78.0.0/27",
            "default_network_acl_id": "acl-075e61e318cbe111e",
            "default_route_table_id": "rtb-0582747619e43b892",
            "default_security_group_id": "sg-081a5f90e0cf02c3b",
            "dhcp_options_id": "dopt-0b9ceb20cd0988fd9",
            "enable_dns_hostnames": false,
            "enable_dns_support": true,
            "enable_network_address_usage_metrics": false,
            "id": "vpc-078a3ca83d499fb9a",
            "instance_tenancy": "default",
            "ipv4_ipam_pool_id": null,
            "ipv4_netmask_length": null,
            "ipv6_association_id": "",
            "ipv6_cidr_block": "",
            "ipv6_cidr_block_network_border_group": "",
            "ipv6_ipam_pool_id": "",
            "ipv6_netmask_length": 0,
            "main_route_table_id": "rtb-0582747619e43b892",
            "owner_id": "430704357939",
            "tags": {
              "Name": "Fazle-vpc1"
            },
            "tags_all": {
              "Name": "Fazle-vpc1"
            }
          },
          "sensitive_attributes": [],
          "private": "eyJzY2hlbWFfdmVyc2lvbiI6IjEifQ=="
        }
      ]
    },
    {
      "mode": "managed",
      "type": "aws_vpc",
      "name": "fazle-vpc2",
      "provider": "provider[\"registry.terraform.io/hashicorp/aws\"].uw2",
      "instances": [
        {
          "schema_version": 1,
          "attributes": {
            "arn": "arn:aws:ec2:us-east-2:430704357939:vpc/vpc-0dd4acff76ac00a46",
            "assign_generated_ipv6_cidr_block": false,
            "cidr_block": "192.111.0.0/27",
            "default_network_acl_id": "acl-0b5e9a08f5f721d21",
            "default_route_table_id": "rtb-023bc682278082f44",
            "default_security_group_id": "sg-0485d89657957af3b",
            "dhcp_options_id": "dopt-0876a0b5b022336a3",
            "enable_dns_hostnames": false,
            "enable_dns_support": true,
            "enable_network_address_usage_metrics": false,
            "id": "vpc-0dd4acff76ac00a46",
            "instance_tenancy": "default",
            "ipv4_ipam_pool_id": null,
            "ipv4_netmask_length": null,
            "ipv6_association_id": "",
            "ipv6_cidr_block": "",
            "ipv6_cidr_block_network_border_group": "",
            "ipv6_ipam_pool_id": "",
            "ipv6_netmask_length": 0,
            "main_route_table_id": "rtb-023bc682278082f44",
            "owner_id": "430704357939",
            "tags": {
              "Name": "Fazle-vpc2"
            },
            "tags_all": {
              "Name": "Fazle-vpc2"
            }
          },
          "sensitive_attributes": [],
          "private": "eyJzY2hlbWFfdmVyc2lvbiI6IjEifQ=="
        }
      ]
    }
  ],
  "check_results": null
}
