{
  "version": 4,
  "terraform_version": "1.5.4",
  "serial": 1,
  "lineage": "d92cbdc7-5ca8-d9c5-e428-ebca01e15f89",
  "outputs": {},
  "resources": [
    {
      "mode": "managed",
      "type": "aws_vpc",
      "name": "fazle-vpc",
      "provider": "provider[\"registry.terraform.io/hashicorp/aws\"]",
      "instances": [
        {
          "schema_version": 1,
          "attributes": {
            "arn": "arn:aws:ec2:us-east-1:430704357939:vpc/vpc-0176e3fb6c022d9cf",
            "assign_generated_ipv6_cidr_block": false,
            "cidr_block": "192.169.0.0/16",
            "default_network_acl_id": "acl-0e9e9da13d87c9866",
            "default_route_table_id": "rtb-0e9d1e6ed10397e2f",
            "default_security_group_id": "sg-08f0a1fccec653696",
            "dhcp_options_id": "dopt-0b9ceb20cd0988fd9",
            "enable_classiclink": false,
            "enable_classiclink_dns_support": false,
            "enable_dns_hostnames": false,
            "enable_dns_support": true,
            "id": "vpc-0176e3fb6c022d9cf",
            "instance_tenancy": "default",
            "ipv6_association_id": "",
            "ipv6_cidr_block": "",
            "main_route_table_id": "rtb-0e9d1e6ed10397e2f",
            "owner_id": "430704357939",
            "tags": {
              "Name": "Fazle-vpc"
            }
          },
          "sensitive_attributes": [],
          "private": "eyJzY2hlbWFfdmVyc2lvbiI6IjEifQ=="
        }
      ]
    }
  ],
  "check_results": null
}
