{
  "version": 4,
  "terraform_version": "1.5.4",
  "serial": 2,
  "lineage": "717e1de3-78de-8b8d-db1e-85f203bc85eb",
  "outputs": {},
  "resources": [
    {
      "mode": "managed",
      "type": "aws_vpc",
      "name": "fazle-vpc",
      "provider": "provider[\"registry.terraform.io/hashicorp/aws\"]",
      "instances": [
        {
          "schema_version": 1,
          "attributes": {
            "arn": "arn:aws:ec2:us-east-1:430704357939:vpc/vpc-0c9e1d830857d1392",
            "assign_generated_ipv6_cidr_block": false,
            "cidr_block": "192.155.0.0/16",
            "default_network_acl_id": "acl-016472bd0bb591f99",
            "default_route_table_id": "rtb-05a1df441a51b7892",
            "default_security_group_id": "sg-093e803689d1d4c58",
            "dhcp_options_id": "dopt-0b9ceb20cd0988fd9",
            "enable_dns_hostnames": false,
            "enable_dns_support": true,
            "enable_network_address_usage_metrics": false,
            "id": "vpc-0c9e1d830857d1392",
            "instance_tenancy": "default",
            "ipv4_ipam_pool_id": null,
            "ipv4_netmask_length": null,
            "ipv6_association_id": "",
            "ipv6_cidr_block": "",
            "ipv6_cidr_block_network_border_group": "",
            "ipv6_ipam_pool_id": "",
            "ipv6_netmask_length": 0,
            "main_route_table_id": "rtb-05a1df441a51b7892",
            "owner_id": "430704357939",
            "tags": {
              "Name": "fazle-vpc",
              "web": "my-vpc"
            },
            "tags_all": {
              "Name": "fazle-vpc",
              "web": "my-vpc"
            }
          },
          "sensitive_attributes": [],
          "private": "eyJzY2hlbWFfdmVyc2lvbiI6IjEifQ=="
        }
      ]
    }
  ],
  "check_results": null
}
