{
  "version": 4,
  "terraform_version": "1.5.4",
  "serial": 6,
  "lineage": "74dafa0b-e93a-1025-35aa-0b9fa7161eaa",
  "outputs": {},
  "resources": [
    {
      "mode": "managed",
      "type": "aws_vpc",
      "name": "fazle-vpc1",
      "provider": "provider[\"registry.terraform.io/hashicorp/aws\"]",
      "instances": [
        {
          "schema_version": 1,
          "attributes": {
            "arn": "arn:aws:ec2:us-east-1:430704357939:vpc/vpc-0f9e694bc54cbf31b",
            "assign_generated_ipv6_cidr_block": false,
            "cidr_block": "192.78.0.0/27",
            "default_network_acl_id": "acl-06cb1fa1bbefa978b",
            "default_route_table_id": "rtb-07f720eb4ff40b14a",
            "default_security_group_id": "sg-0602a251b5d857130",
            "dhcp_options_id": "dopt-0b9ceb20cd0988fd9",
            "enable_dns_hostnames": false,
            "enable_dns_support": true,
            "enable_network_address_usage_metrics": false,
            "id": "vpc-0f9e694bc54cbf31b",
            "instance_tenancy": "default",
            "ipv4_ipam_pool_id": null,
            "ipv4_netmask_length": null,
            "ipv6_association_id": "",
            "ipv6_cidr_block": "",
            "ipv6_cidr_block_network_border_group": "",
            "ipv6_ipam_pool_id": "",
            "ipv6_netmask_length": 0,
            "main_route_table_id": "rtb-07f720eb4ff40b14a",
            "owner_id": "430704357939",
            "tags": {
              "Name": "Fazle-Vpc1"
            },
            "tags_all": {
              "Name": "Fazle-Vpc1"
            }
          },
          "sensitive_attributes": [],
          "private": "eyJzY2hlbWFfdmVyc2lvbiI6IjEifQ=="
        }
      ]
    }
  ],
  "check_results": null
}
