{
  "version": 4,
  "terraform_version": "1.5.4",
  "serial": 21,
  "lineage": "e141816d-2205-8a45-3292-5a735815838a",
  "outputs": {},
  "resources": [
    {
      "mode": "managed",
      "type": "aws_s3_bucket",
      "name": "fazle-s3-bucket",
      "provider": "provider[\"registry.terraform.io/hashicorp/aws\"]",
      "instances": [
        {
          "index_key": "dapp",
          "schema_version": 0,
          "attributes": {
            "acceleration_status": "",
            "acl": null,
            "arn": "arn:aws:s3:::this-hot-bucket-dapp",
            "bucket": "this-hot-bucket-dapp",
            "bucket_domain_name": "this-hot-bucket-dapp.s3.amazonaws.com",
            "bucket_prefix": "",
            "bucket_regional_domain_name": "this-hot-bucket-dapp.s3.us-east-1.amazonaws.com",
            "cors_rule": [],
            "force_destroy": false,
            "grant": [
              {
                "id": "da450a94bc4baefd5bde4bf1cfb3a5f5f50f75761475981dd18e12b813ddc78c",
                "permissions": [
                  "FULL_CONTROL"
                ],
                "type": "CanonicalUser",
                "uri": ""
              }
            ],
            "hosted_zone_id": "Z3AQBSTGFYJSTF",
            "id": "this-hot-bucket-dapp",
            "lifecycle_rule": [],
            "logging": [],
            "object_lock_configuration": [],
            "object_lock_enabled": false,
            "policy": "",
            "region": "us-east-1",
            "replication_configuration": [],
            "request_payer": "BucketOwner",
            "server_side_encryption_configuration": [
              {
                "rule": [
                  {
                    "apply_server_side_encryption_by_default": [
                      {
                        "kms_master_key_id": "",
                        "sse_algorithm": "AES256"
                      }
                    ],
                    "bucket_key_enabled": false
                  }
                ]
              }
            ],
            "tags": {
              "Environment": "dev",
              "Name": "fazle-bucket-this-hot-bucket"
            },
            "tags_all": {
              "Environment": "dev",
              "Name": "fazle-bucket-this-hot-bucket"
            },
            "timeouts": null,
            "versioning": [
              {
                "enabled": false,
                "mfa_delete": false
              }
            ],
            "website": [],
            "website_domain": null,
            "website_endpoint": null
          },
          "sensitive_attributes": [],
          "private": "eyJlMmJmYjczMC1lY2FhLTExZTYtOGY4OC0zNDM2M2JjN2M0YzAiOnsiY3JlYXRlIjoxMjAwMDAwMDAwMDAwLCJkZWxldGUiOjM2MDAwMDAwMDAwMDAsInJlYWQiOjEyMDAwMDAwMDAwMDAsInVwZGF0ZSI6MTIwMDAwMDAwMDAwMH19"
        },
        {
          "index_key": "lapp",
          "schema_version": 0,
          "attributes": {
            "acceleration_status": "",
            "acl": null,
            "arn": "arn:aws:s3:::this-pot-bucket-lapp",
            "bucket": "this-pot-bucket-lapp",
            "bucket_domain_name": "this-pot-bucket-lapp.s3.amazonaws.com",
            "bucket_prefix": "",
            "bucket_regional_domain_name": "this-pot-bucket-lapp.s3.us-east-1.amazonaws.com",
            "cors_rule": [],
            "force_destroy": false,
            "grant": [
              {
                "id": "da450a94bc4baefd5bde4bf1cfb3a5f5f50f75761475981dd18e12b813ddc78c",
                "permissions": [
                  "FULL_CONTROL"
                ],
                "type": "CanonicalUser",
                "uri": ""
              }
            ],
            "hosted_zone_id": "Z3AQBSTGFYJSTF",
            "id": "this-pot-bucket-lapp",
            "lifecycle_rule": [],
            "logging": [],
            "object_lock_configuration": [],
            "object_lock_enabled": false,
            "policy": "",
            "region": "us-east-1",
            "replication_configuration": [],
            "request_payer": "BucketOwner",
            "server_side_encryption_configuration": [
              {
                "rule": [
                  {
                    "apply_server_side_encryption_by_default": [
                      {
                        "kms_master_key_id": "",
                        "sse_algorithm": "AES256"
                      }
                    ],
                    "bucket_key_enabled": false
                  }
                ]
              }
            ],
            "tags": {
              "Environment": "dev",
              "Name": "fazle-bucket-this-pot-bucket"
            },
            "tags_all": {
              "Environment": "dev",
              "Name": "fazle-bucket-this-pot-bucket"
            },
            "timeouts": null,
            "versioning": [
              {
                "enabled": false,
                "mfa_delete": false
              }
            ],
            "website": [],
            "website_domain": null,
            "website_endpoint": null
          },
          "sensitive_attributes": [],
          "private": "eyJlMmJmYjczMC1lY2FhLTExZTYtOGY4OC0zNDM2M2JjN2M0YzAiOnsiY3JlYXRlIjoxMjAwMDAwMDAwMDAwLCJkZWxldGUiOjM2MDAwMDAwMDAwMDAsInJlYWQiOjEyMDAwMDAwMDAwMDAsInVwZGF0ZSI6MTIwMDAwMDAwMDAwMH19"
        },
        {
          "index_key": "tap",
          "schema_version": 0,
          "attributes": {
            "acceleration_status": "",
            "acl": null,
            "arn": "arn:aws:s3:::this-bot-bucket-tap",
            "bucket": "this-bot-bucket-tap",
            "bucket_domain_name": "this-bot-bucket-tap.s3.amazonaws.com",
            "bucket_prefix": "",
            "bucket_regional_domain_name": "this-bot-bucket-tap.s3.us-east-1.amazonaws.com",
            "cors_rule": [],
            "force_destroy": false,
            "grant": [
              {
                "id": "da450a94bc4baefd5bde4bf1cfb3a5f5f50f75761475981dd18e12b813ddc78c",
                "permissions": [
                  "FULL_CONTROL"
                ],
                "type": "CanonicalUser",
                "uri": ""
              }
            ],
            "hosted_zone_id": "Z3AQBSTGFYJSTF",
            "id": "this-bot-bucket-tap",
            "lifecycle_rule": [],
            "logging": [],
            "object_lock_configuration": [],
            "object_lock_enabled": false,
            "policy": "",
            "region": "us-east-1",
            "replication_configuration": [],
            "request_payer": "BucketOwner",
            "server_side_encryption_configuration": [
              {
                "rule": [
                  {
                    "apply_server_side_encryption_by_default": [
                      {
                        "kms_master_key_id": "",
                        "sse_algorithm": "AES256"
                      }
                    ],
                    "bucket_key_enabled": false
                  }
                ]
              }
            ],
            "tags": {
              "Environment": "dev",
              "Name": "fazle-bucket-this-bot-bucket"
            },
            "tags_all": {
              "Environment": "dev",
              "Name": "fazle-bucket-this-bot-bucket"
            },
            "timeouts": null,
            "versioning": [
              {
                "enabled": false,
                "mfa_delete": false
              }
            ],
            "website": [],
            "website_domain": null,
            "website_endpoint": null
          },
          "sensitive_attributes": [],
          "private": "eyJlMmJmYjczMC1lY2FhLTExZTYtOGY4OC0zNDM2M2JjN2M0YzAiOnsiY3JlYXRlIjoxMjAwMDAwMDAwMDAwLCJkZWxldGUiOjM2MDAwMDAwMDAwMDAsInJlYWQiOjEyMDAwMDAwMDAwMDAsInVwZGF0ZSI6MTIwMDAwMDAwMDAwMH19"
        }
      ]
    },
    {
      "mode": "managed",
      "type": "aws_s3_bucket_acl",
      "name": "fazle-s3-acl",
      "provider": "provider[\"registry.terraform.io/hashicorp/aws\"]",
      "instances": [
        {
          "index_key": "dapp",
          "schema_version": 0,
          "attributes": {
            "access_control_policy": [
              {
                "grant": [
                  {
                    "grantee": [
                      {
                        "display_name": "mohidewan10",
                        "email_address": "",
                        "id": "da450a94bc4baefd5bde4bf1cfb3a5f5f50f75761475981dd18e12b813ddc78c",
                        "type": "CanonicalUser",
                        "uri": ""
                      }
                    ],
                    "permission": "FULL_CONTROL"
                  }
                ],
                "owner": [
                  {
                    "display_name": "mohidewan10",
                    "id": "da450a94bc4baefd5bde4bf1cfb3a5f5f50f75761475981dd18e12b813ddc78c"
                  }
                ]
              }
            ],
            "acl": "private",
            "bucket": "this-hot-bucket-dapp",
            "expected_bucket_owner": "",
            "id": "this-hot-bucket-dapp,private"
          },
          "sensitive_attributes": [],
          "private": "bnVsbA==",
          "dependencies": [
            "aws_s3_bucket.fazle-s3-bucket",
            "aws_s3_bucket_ownership_controls.fazle-s3-owner"
          ]
        },
        {
          "index_key": "lapp",
          "schema_version": 0,
          "attributes": {
            "access_control_policy": [
              {
                "grant": [
                  {
                    "grantee": [
                      {
                        "display_name": "mohidewan10",
                        "email_address": "",
                        "id": "da450a94bc4baefd5bde4bf1cfb3a5f5f50f75761475981dd18e12b813ddc78c",
                        "type": "CanonicalUser",
                        "uri": ""
                      }
                    ],
                    "permission": "FULL_CONTROL"
                  }
                ],
                "owner": [
                  {
                    "display_name": "mohidewan10",
                    "id": "da450a94bc4baefd5bde4bf1cfb3a5f5f50f75761475981dd18e12b813ddc78c"
                  }
                ]
              }
            ],
            "acl": "private",
            "bucket": "this-pot-bucket-lapp",
            "expected_bucket_owner": "",
            "id": "this-pot-bucket-lapp,private"
          },
          "sensitive_attributes": [],
          "private": "bnVsbA==",
          "dependencies": [
            "aws_s3_bucket.fazle-s3-bucket",
            "aws_s3_bucket_ownership_controls.fazle-s3-owner"
          ]
        },
        {
          "index_key": "tap",
          "schema_version": 0,
          "attributes": {
            "access_control_policy": [
              {
                "grant": [
                  {
                    "grantee": [
                      {
                        "display_name": "mohidewan10",
                        "email_address": "",
                        "id": "da450a94bc4baefd5bde4bf1cfb3a5f5f50f75761475981dd18e12b813ddc78c",
                        "type": "CanonicalUser",
                        "uri": ""
                      }
                    ],
                    "permission": "FULL_CONTROL"
                  }
                ],
                "owner": [
                  {
                    "display_name": "mohidewan10",
                    "id": "da450a94bc4baefd5bde4bf1cfb3a5f5f50f75761475981dd18e12b813ddc78c"
                  }
                ]
              }
            ],
            "acl": "private",
            "bucket": "this-bot-bucket-tap",
            "expected_bucket_owner": "",
            "id": "this-bot-bucket-tap,private"
          },
          "sensitive_attributes": [],
          "private": "bnVsbA==",
          "dependencies": [
            "aws_s3_bucket.fazle-s3-bucket",
            "aws_s3_bucket_ownership_controls.fazle-s3-owner"
          ]
        }
      ]
    },
    {
      "mode": "managed",
      "type": "aws_s3_bucket_ownership_controls",
      "name": "fazle-s3-owner",
      "provider": "provider[\"registry.terraform.io/hashicorp/aws\"]",
      "instances": [
        {
          "index_key": "dapp",
          "schema_version": 0,
          "attributes": {
            "bucket": "this-hot-bucket-dapp",
            "id": "this-hot-bucket-dapp",
            "rule": [
              {
                "object_ownership": "ObjectWriter"
              }
            ]
          },
          "sensitive_attributes": [],
          "private": "bnVsbA==",
          "dependencies": [
            "aws_s3_bucket.fazle-s3-bucket"
          ]
        },
        {
          "index_key": "lapp",
          "schema_version": 0,
          "attributes": {
            "bucket": "this-pot-bucket-lapp",
            "id": "this-pot-bucket-lapp",
            "rule": [
              {
                "object_ownership": "ObjectWriter"
              }
            ]
          },
          "sensitive_attributes": [],
          "private": "bnVsbA==",
          "dependencies": [
            "aws_s3_bucket.fazle-s3-bucket"
          ]
        },
        {
          "index_key": "tap",
          "schema_version": 0,
          "attributes": {
            "bucket": "this-bot-bucket-tap",
            "id": "this-bot-bucket-tap",
            "rule": [
              {
                "object_ownership": "ObjectWriter"
              }
            ]
          },
          "sensitive_attributes": [],
          "private": "bnVsbA==",
          "dependencies": [
            "aws_s3_bucket.fazle-s3-bucket"
          ]
        }
      ]
    }
  ],
  "check_results": null
}
