{
  "version": 4,
  "terraform_version": "1.5.7",
  "serial": 4,
  "lineage": "32602c6a-04c8-8bd1-1644-54a3e800bddf",
  "outputs": {},
  "resources": [
    {
      "mode": "managed",
      "type": "aws_vpc",
      "name": "fazle-vpc",
      "provider": "provider[\"registry.terraform.io/hashicorp/aws\"]",
      "instances": [
        {
          "schema_version": 1,
          "attributes": {
            "arn": "arn:aws:ec2:us-east-1:430704357939:vpc/vpc-027260947a6d89d05",
            "assign_generated_ipv6_cidr_block": false,
            "cidr_block": "192.169.0.0/16",
            "default_network_acl_id": "acl-0d6f3260c0bc468d6",
            "default_route_table_id": "rtb-0e44bb20040a5b301",
            "default_security_group_id": "sg-05269cc1201d8ebcb",
            "dhcp_options_id": "dopt-0b9ceb20cd0988fd9",
            "enable_classiclink": false,
            "enable_classiclink_dns_support": false,
            "enable_dns_hostnames": false,
            "enable_dns_support": true,
            "id": "vpc-027260947a6d89d05",
            "instance_tenancy": "default",
            "ipv6_association_id": "",
            "ipv6_cidr_block": "",
            "main_route_table_id": "rtb-0e44bb20040a5b301",
            "owner_id": "430704357939",
            "tags": {
              "Name": "Fazle-vpc"
            }
          },
          "sensitive_attributes": [],
          "private": "eyJzY2hlbWFfdmVyc2lvbiI6IjEifQ=="
        }
      ]
    }
  ],
  "check_results": null
}
