{
  "version": 4,
  "terraform_version": "1.5.4",
  "serial": 1,
  "lineage": "58ff5a2b-3f9a-87a1-542d-d6b6197470d2",
  "outputs": {},
  "resources": [
    {
      "mode": "managed",
      "type": "aws_vpc",
      "name": "fazle-vpc-new",
      "provider": "provider[\"registry.terraform.io/hashicorp/aws\"]",
      "instances": [
        {
          "schema_version": 1,
          "attributes": {
            "arn": "arn:aws:ec2:us-east-1:430704357939:vpc/vpc-0b257276b14d91be6",
            "assign_generated_ipv6_cidr_block": false,
            "cidr_block": "192.166.0.0/16",
            "default_network_acl_id": "acl-093b145685421cf2c",
            "default_route_table_id": "rtb-04034b7f5ba2ffc37",
            "default_security_group_id": "sg-04b329bf223f4fff4",
            "dhcp_options_id": "dopt-0b9ceb20cd0988fd9",
            "enable_classiclink": false,
            "enable_classiclink_dns_support": false,
            "enable_dns_hostnames": false,
            "enable_dns_support": true,
            "id": "vpc-0b257276b14d91be6",
            "instance_tenancy": "default",
            "ipv6_association_id": "",
            "ipv6_cidr_block": "",
            "main_route_table_id": "rtb-04034b7f5ba2ffc37",
            "owner_id": "430704357939",
            "tags": {
              "Name": "Fazle-vpc-#2"
            }
          },
          "sensitive_attributes": [],
          "private": "eyJzY2hlbWFfdmVyc2lvbiI6IjEifQ=="
        }
      ]
    }
  ],
  "check_results": null
}
